
Microsoft Visual Studio Solution File, Format Version 12.00
# Visual Studio Version 17
VisualStudioVersion = 17.5.002.0
MinimumVisualStudioVersion = 10.0.40219.1
Project("{9A19103F-16F7-4668-BE54-9A1E7A4F7556}") = "apl2024", "apl2024.csproj", "{6A9C4DF6-AA9E-4DCF-8719-D6138798598B}"
EndProject
Global
	GlobalSection(SolutionConfigurationPlatforms) = preSolution
		Debug|Any CPU = Debug|Any CPU
		Release|Any CPU = Release|Any CPU
	EndGlobalSection
	GlobalSection(ProjectConfigurationPlatforms) = postSolution
		{6A9C4DF6-AA9E-4DCF-8719-D6138798598B}.Debug|Any CPU.ActiveCfg = Debug|Any CPU
		{6A9C4DF6-AA9E-4DCF-8719-D6138798598B}.Debug|Any CPU.Build.0 = Debug|Any CPU
		{6A9C4DF6-AA9E-4DCF-8719-D6138798598B}.Release|Any CPU.ActiveCfg = Release|Any CPU
		{6A9C4DF6-AA9E-4DCF-8719-D6138798598B}.Release|Any CPU.Build.0 = Release|Any CPU
	EndGlobalSection
	GlobalSection(SolutionProperties) = preSolution
		HideSolutionNode = FALSE
	EndGlobalSection
	GlobalSection(ExtensibilityGlobals) = postSolution
		SolutionGuid = {970CE89A-F07B-4683-86D7-3FC540ECB95C}
	EndGlobalSection
EndGlobal
